
Microsoft Visual Studio Solution File, Format Version 12.00
# Visual Studio Version 17
VisualStudioVersion = 17.10.35013.160
MinimumVisualStudioVersion = 10.0.40219.1
Project("{FAE04EC0-301F-11D3-BF4B-00C04F79EFBC}") = "EcommerceShoppingApp", "EcommerceShoppingApp.csproj", "{11636A9D-B5F5-4236-A194-CB71EDB4554E}"
EndProject
Global
	GlobalSection(SolutionConfigurationPlatforms) = preSolution
		Debug|Any CPU = Debug|Any CPU
		Release|Any CPU = Release|Any CPU
	EndGlobalSection
	GlobalSection(ProjectConfigurationPlatforms) = postSolution
		{11636A9D-B5F5-4236-A194-CB71EDB4554E}.Debug|Any CPU.ActiveCfg = Debug|Any CPU
		{11636A9D-B5F5-4236-A194-CB71EDB4554E}.Debug|Any CPU.Build.0 = Debug|Any CPU
		{11636A9D-B5F5-4236-A194-CB71EDB4554E}.Release|Any CPU.ActiveCfg = Release|Any CPU
		{11636A9D-B5F5-4236-A194-CB71EDB4554E}.Release|Any CPU.Build.0 = Release|Any CPU
	EndGlobalSection
	GlobalSection(SolutionProperties) = preSolution
		HideSolutionNode = FALSE
	EndGlobalSection
	GlobalSection(ExtensibilityGlobals) = postSolution
		SolutionGuid = {AB0352ED-6CA4-40DF-8B6A-BB93E523A879}
	EndGlobalSection
EndGlobal
